github.com/8ff/viterbi v0.0.0-20221219205836-eee0b0cbd59f h1:933LPuPahrjAEWl5JHHEv/yS0RjDgYtTAjhmqwOHhpY=
github.com/8ff/viterbi v0.0.0-20221219205836-eee0b0cbd59f/go.mod h1:VuckG4YK3NaJy7vvaCrgmKDiTsbxAs7Z56chWoKUgIY=
github.com/8ff/viterbi v0.0.0-20221223195334-f6cbe2b089ae h1:RNnhQNek5jg8AxGWcnj/XH22hraV9zhjF6qJnDuofmU=
github.com/8ff/viterbi v0.0.0-20221223195334-f6cbe2b089ae/go.mod h1:VuckG4YK3NaJy7vvaCrgmKDiTsbxAs7Z56chWoKUgIY=
github.com/8ff/viterbi v0.0.0-20221223200319-e6ff63a35752 h1:RUmCXMP+K4E0GWVXmE+Gv0MNXeoxSRii+n3xSJUM2eg=
github.com/8ff/viterbi v0.0.0-20221223200319-e6ff63a35752/go.mod h1:VuckG4YK3NaJy7vvaCrgmKDiTsbxAs7Z56chWoKUgIY=
github.com/gen2brain/malgo v0.11.10 h1:u41QchDBS7Z2rwEVPu7uycK6HA8IyzKoUOhLU7IvYW4=
github.com/gen2brain/malgo v0.11.10/go.mod h1:f9TtuN7DVrXMiV/yIceMeWpvanyVzJQMlBecJFVMxww=
github.com/golang-jwt/jwt v3.2.2+incompatible h1:IfV12K8xAKAnZqdXVzCZ+TOjboZ2keLg81eXfW3O+oY=
github.com/golang-jwt/jwt v3.2.2+incompatible/go.mod h1:8pz2t5EyA70fFQQSrl6XZXzqecmYZeUEB8OUGHkxJ+I=
github.com/gorilla/websocket v1.5.0 h1:PPwGk2jz7EePpoHN/+ClbZu8SPxiqlu12wZP/3sWmnc=
github.com/gorilla/websocket v1.5.0/go.mod h1:YR8l580nyteQvAITg2hZ9XVh4b55+EU/adAjf1fMHhE=
github.com/klauspost/cpuid/v2 v2.1.1 h1:t0wUqjowdm8ezddV5k0tLWVklVuvLJpoHeb4WBdydm0=
github.com/klauspost/cpuid/v2 v2.1.1/go.mod h1:RVVoqg1df56z8g3pUjL/3lE5UfnlrJX8tyFgg4nqhuY=
github.com/klauspost/cpuid/v2 v2.2.2 h1:xPMwiykqNK9VK0NYC3+jTMYv9I6Vl3YdjZgPZKG3zO0=
github.com/klauspost/cpuid/v2 v2.2.2/go.mod h1:RVVoqg1df56z8g3pUjL/3lE5UfnlrJX8tyFgg4nqhuY=
github.com/klauspost/reedsolomon v1.11.1 h1:0gCWQXOB8pVe1Y5SGozDA5t2qoVxX3prsV+qHgI/Fik=
github.com/klauspost/reedsolomon v1.11.1/go.mod h1:FXLZzlJIdfqEnQLdUKWNRuMZg747hZ4oYp2Ml60Lb/k=
github.com/klauspost/reedsolomon v1.11.3 h1:rX9UNNvDhJ0Bq45y6uBy/eYehcjyz5faokTuZmu1Q9U=
github.com/klauspost/reedsolomon v1.11.3/go.mod h1:FXLZzlJIdfqEnQLdUKWNRuMZg747hZ4oYp2Ml60Lb/k=
github.com/mjibson/go-dsp v0.0.0-20180508042940-11479a337f12 h1:dd7vnTDfjtwCETZDrRe+GPYNLA1jBtbZeyfyE8eZCyk=
github.com/mjibson/go-dsp v0.0.0-20180508042940-11479a337f12/go.mod h1:i/KKcxEWEO8Yyl11DYafRPKOPVYTrhxiTRigjtEEXZU=
golang.org/x/sys v0.0.0-20220704084225-05e143d24a9e/go.mod h1:oPkhp1MJrh7nUepCBck5+mAzfO9JrbApNNgaTdGDITg=
golang.org/x/sys v0.3.0 h1:w8ZOecv6NaNa/zC8944JTU3vz4u6Lagfk4RPQxv92NQ=
golang.org/x/sys v0.3.0/go.mod h1:oPkhp1MJrh7nUepCBck5+mAzfO9JrbApNNgaTdGDITg=
